// !$*UTF8*$!
{
	archiveVersion = 1;
	classes = {
	};
	objectVersion = 50;
	objects = {

/* Begin PBXBuildFile section */
		7E23C2792112C2F500018B4B /* AddTripViewController.storyboard in Resources */ = {isa = PBXBuildFile; fileRef = 7E23C2782112C2F500018B4B /* AddTripViewController.storyboard */; };
		7E23C27C2112C34900018B4B /* AddTripViewController.swift in Sources */ = {isa = PBXBuildFile; fileRef = 7E23C27B2112C34900018B4B /* AddTripViewController.swift */; };
		7E23C27F2112C85D00018B4B /* popupUIView.swift in Sources */ = {isa = PBXBuildFile; fileRef = 7E23C27E2112C85D00018B4B /* popupUIView.swift */; };
		7E23C2812116AD8D00018B4B /* appUIButton.swift in Sources */ = {isa = PBXBuildFile; fileRef = 7E23C2802116AD8D00018B4B /* appUIButton.swift */; };
		7EEC622B20EB772C00DA49BE /* AppDelegate.swift in Sources */ = {isa = PBXBuildFile; fileRef = 7EEC622A20EB772C00DA49BE /* AppDelegate.swift */; };
		7EEC623220EB772D00DA49BE /* Assets.xcassets in Resources */ = {isa = PBXBuildFile; fileRef = 7EEC623120EB772D00DA49BE /* Assets.xcassets */; };
		7EEC623520EB772D00DA49BE /* LaunchScreen.storyboard in Resources */ = {isa = PBXBuildFile; fileRef = 7EEC623320EB772D00DA49BE /* LaunchScreen.storyboard */; };
		7EEC627A20EB7B9400DA49BE /* TripModel.swift in Sources */ = {isa = PBXBuildFile; fileRef = 7EEC627920EB7B9400DA49BE /* TripModel.swift */; };
		7EEC627C20EB7C1800DA49BE /* TripFunctions.swift in Sources */ = {isa = PBXBuildFile; fileRef = 7EEC627B20EB7C1800DA49BE /* TripFunctions.swift */; };
		7EEC628020EB7DB600DA49BE /* StoreData.swift in Sources */ = {isa = PBXBuildFile; fileRef = 7EEC627F20EB7DB600DA49BE /* StoreData.swift */; };
		7EEC628420EB7F4C00DA49BE /* TripsViewController.storyboard in Resources */ = {isa = PBXBuildFile; fileRef = 7EEC628320EB7F4C00DA49BE /* TripsViewController.storyboard */; };
		7EEC628620EB7F6A00DA49BE /* TripsViewController.swift in Sources */ = {isa = PBXBuildFile; fileRef = 7EEC628520EB7F6A00DA49BE /* TripsViewController.swift */; };
		7EEC628820EB8D0800DA49BE /* TripTableViewCell.swift in Sources */ = {isa = PBXBuildFile; fileRef = 7EEC628720EB8D0800DA49BE /* TripTableViewCell.swift */; };
		7EEC628B20EB918C00DA49BE /* UIViewExtension.swift in Sources */ = {isa = PBXBuildFile; fileRef = 7EEC628A20EB918C00DA49BE /* UIViewExtension.swift */; };
		7EEC628E20EB9B3D00DA49BE /* Theme.swift in Sources */ = {isa = PBXBuildFile; fileRef = 7EEC628D20EB9B3D00DA49BE /* Theme.swift */; };
		7EEC629020EB9B7D00DA49BE /* Colors.xcassets in Resources */ = {isa = PBXBuildFile; fileRef = 7EEC628F20EB9B7D00DA49BE /* Colors.xcassets */; };
		7EEC629220EC83CD00DA49BE /* UIButtonExtension.swift in Sources */ = {isa = PBXBuildFile; fileRef = 7EEC629120EC83CD00DA49BE /* UIButtonExtension.swift */; };
/* End PBXBuildFile section */

/* Begin PBXFileReference section */
		7E23C2782112C2F500018B4B /* AddTripViewController.storyboard */ = {isa = PBXFileReference; fileEncoding = 4; lastKnownFileType = file.storyboard; path = AddTripViewController.storyboard; sourceTree = "<group>"; };
		7E23C27B2112C34900018B4B /* AddTripViewController.swift */ = {isa = PBXFileReference; lastKnownFileType = sourcecode.swift; path = AddTripViewController.swift; sourceTree = "<group>"; };
		7E23C27E2112C85D00018B4B /* popupUIView.swift */ = {isa = PBXFileReference; lastKnownFileType = sourcecode.swift; path = popupUIView.swift; sourceTree = "<group>"; };
		7E23C2802116AD8D00018B4B /* appUIButton.swift */ = {isa = PBXFileReference; lastKnownFileType = sourcecode.swift; path = appUIButton.swift; sourceTree = "<group>"; };
		7EEC622720EB772C00DA49BE /* mvc1.app */ = {isa = PBXFileReference; explicitFileType = wrapper.application; includeInIndex = 0; path = mvc1.app; sourceTree = BUILT_PRODUCTS_DIR; };
		7EEC622A20EB772C00DA49BE /* AppDelegate.swift */ = {isa = PBXFileReference; lastKnownFileType = sourcecode.swift; path = AppDelegate.swift; sourceTree = "<group>"; };
		7EEC623120EB772D00DA49BE /* Assets.xcassets */ = {isa = PBXFileReference; lastKnownFileType = folder.assetcatalog; path = Assets.xcassets; sourceTree = "<group>"; };
		7EEC623420EB772D00DA49BE /* Base */ = {isa = PBXFileReference; lastKnownFileType = file.storyboard; name = Base; path = Base.lproj/LaunchScreen.storyboard; sourceTree = "<group>"; };
		7EEC623620EB772D00DA49BE /* Info.plist */ = {isa = PBXFileReference; lastKnownFileType = text.plist.xml; path = Info.plist; sourceTree = "<group>"; };
		7EEC627920EB7B9400DA49BE /* TripModel.swift */ = {isa = PBXFileReference; lastKnownFileType = sourcecode.swift; path = TripModel.swift; sourceTree = "<group>"; };
		7EEC627B20EB7C1800DA49BE /* TripFunctions.swift */ = {isa = PBXFileReference; lastKnownFileType = sourcecode.swift; path = TripFunctions.swift; sourceTree = "<group>"; };
		7EEC627F20EB7DB600DA49BE /* StoreData.swift */ = {isa = PBXFileReference; lastKnownFileType = sourcecode.swift; path = StoreData.swift; sourceTree = "<group>"; };
		7EEC628320EB7F4C00DA49BE /* TripsViewController.storyboard */ = {isa = PBXFileReference; lastKnownFileType = file.storyboard; path = TripsViewController.storyboard; sourceTree = "<group>"; };
		7EEC628520EB7F6A00DA49BE /* TripsViewController.swift */ = {isa = PBXFileReference; lastKnownFileType = sourcecode.swift; path = TripsViewController.swift; sourceTree = "<group>"; };
		7EEC628720EB8D0800DA49BE /* TripTableViewCell.swift */ = {isa = PBXFileReference; lastKnownFileType = sourcecode.swift; path = TripTableViewCell.swift; sourceTree = "<group>"; };
		7EEC628A20EB918C00DA49BE /* UIViewExtension.swift */ = {isa = PBXFileReference; lastKnownFileType = sourcecode.swift; path = UIViewExtension.swift; sourceTree = "<group>"; };
		7EEC628D20EB9B3D00DA49BE /* Theme.swift */ = {isa = PBXFileReference; lastKnownFileType = sourcecode.swift; path = Theme.swift; sourceTree = "<group>"; };
		7EEC628F20EB9B7D00DA49BE /* Colors.xcassets */ = {isa = PBXFileReference; lastKnownFileType = folder.assetcatalog; path = Colors.xcassets; sourceTree = "<group>"; };
		7EEC629120EC83CD00DA49BE /* UIButtonExtension.swift */ = {isa = PBXFileReference; lastKnownFileType = sourcecode.swift; path = UIButtonExtension.swift; sourceTree = "<group>"; };
/* End PBXFileReference section */

/* Begin PBXFrameworksBuildPhase section */
		7EEC622420EB772C00DA49BE /* Frameworks */ = {
			isa = PBXFrameworksBuildPhase;
			buildActionMask = 2147483647;
			files = (
			);
			runOnlyForDeploymentPostprocessing = 0;
		};
/* End PBXFrameworksBuildPhase section */

/* Begin PBXGroup section */
		7E23C27A2112C30500018B4B /* AddTripController */ = {
			isa = PBXGroup;
			children = (
				7E23C2782112C2F500018B4B /* AddTripViewController.storyboard */,
				7E23C27B2112C34900018B4B /* AddTripViewController.swift */,
			);
			path = AddTripController;
			sourceTree = "<group>";
		};
		7E23C27D2112C84200018B4B /* CustomControl */ = {
			isa = PBXGroup;
			children = (
				7E23C27E2112C85D00018B4B /* popupUIView.swift */,
				7E23C2802116AD8D00018B4B /* appUIButton.swift */,
			);
			path = CustomControl;
			sourceTree = "<group>";
		};
		7E23C2822116B22100018B4B /* Trip */ = {
			isa = PBXGroup;
			children = (
				7E23C27A2112C30500018B4B /* AddTripController */,
				7EEC628220EB7F2C00DA49BE /* TripsViewController */,
			);
			path = Trip;
			sourceTree = "<group>";
		};
		7EEC621E20EB772C00DA49BE = {
			isa = PBXGroup;
			children = (
				7EEC622920EB772C00DA49BE /* mvc1 */,
				7EEC622820EB772C00DA49BE /* Products */,
			);
			sourceTree = "<group>";
		};
		7EEC622820EB772C00DA49BE /* Products */ = {
			isa = PBXGroup;
			children = (
				7EEC622720EB772C00DA49BE /* mvc1.app */,
			);
			name = Products;
			sourceTree = "<group>";
		};
		7EEC622920EB772C00DA49BE /* mvc1 */ = {
			isa = PBXGroup;
			children = (
				7EEC628C20EB9B2800DA49BE /* Resources */,
				7EEC628120EB7F2200DA49BE /* Views */,
				7EEC627D20EB7D8300DA49BE /* Models */,
				7EEC622A20EB772C00DA49BE /* AppDelegate.swift */,
				7EEC623120EB772D00DA49BE /* Assets.xcassets */,
				7EEC623320EB772D00DA49BE /* LaunchScreen.storyboard */,
				7EEC623620EB772D00DA49BE /* Info.plist */,
			);
			path = mvc1;
			sourceTree = "<group>";
		};
		7EEC627820EB7B4F00DA49BE /* Trip */ = {
			isa = PBXGroup;
			children = (
				7EEC627920EB7B9400DA49BE /* TripModel.swift */,
				7EEC627B20EB7C1800DA49BE /* TripFunctions.swift */,
			);
			path = Trip;
			sourceTree = "<group>";
		};
		7EEC627D20EB7D8300DA49BE /* Models */ = {
			isa = PBXGroup;
			children = (
				7EEC627F20EB7DB600DA49BE /* StoreData.swift */,
				7EEC627820EB7B4F00DA49BE /* Trip */,
			);
			path = Models;
			sourceTree = "<group>";
		};
		7EEC628120EB7F2200DA49BE /* Views */ = {
			isa = PBXGroup;
			children = (
				7E23C2822116B22100018B4B /* Trip */,
			);
			path = Views;
			sourceTree = "<group>";
		};
		7EEC628220EB7F2C00DA49BE /* TripsViewController */ = {
			isa = PBXGroup;
			children = (
				7EEC628320EB7F4C00DA49BE /* TripsViewController.storyboard */,
				7EEC628520EB7F6A00DA49BE /* TripsViewController.swift */,
				7EEC628720EB8D0800DA49BE /* TripTableViewCell.swift */,
			);
			path = TripsViewController;
			sourceTree = "<group>";
		};
		7EEC628920EB916000DA49BE /* Extensions */ = {
			isa = PBXGroup;
			children = (
				7EEC628A20EB918C00DA49BE /* UIViewExtension.swift */,
				7EEC629120EC83CD00DA49BE /* UIButtonExtension.swift */,
			);
			path = Extensions;
			sourceTree = "<group>";
		};
		7EEC628C20EB9B2800DA49BE /* Resources */ = {
			isa = PBXGroup;
			children = (
				7E23C27D2112C84200018B4B /* CustomControl */,
				7EEC628920EB916000DA49BE /* Extensions */,
				7EEC628D20EB9B3D00DA49BE /* Theme.swift */,
				7EEC628F20EB9B7D00DA49BE /* Colors.xcassets */,
			);
			path = Resources;
			sourceTree = "<group>";
		};
/* End PBXGroup section */

/* Begin PBXNativeTarget section */
		7EEC622620EB772C00DA49BE /* mvc1 */ = {
			isa = PBXNativeTarget;
			buildConfigurationList = 7EEC623920EB772D00DA49BE /* Build configuration list for PBXNativeTarget "mvc1" */;
			buildPhases = (
				7EEC622320EB772C00DA49BE /* Sources */,
				7EEC622420EB772C00DA49BE /* Frameworks */,
				7EEC622520EB772C00DA49BE /* Resources */,
			);
			buildRules = (
			);
			dependencies = (
			);
			name = mvc1;
			productName = mvc1;
			productReference = 7EEC622720EB772C00DA49BE /* mvc1.app */;
			productType = "com.apple.product-type.application";
		};
/* End PBXNativeTarget section */

/* Begin PBXProject section */
		7EEC621F20EB772C00DA49BE /* Project object */ = {
			isa = PBXProject;
			attributes = {
				LastSwiftUpdateCheck = 0940;
				LastUpgradeCheck = 0940;
				ORGANIZATIONNAME = "Mohammed Team";
				TargetAttributes = {
					7EEC622620EB772C00DA49BE = {
						CreatedOnToolsVersion = 9.4.1;
					};
				};
			};
			buildConfigurationList = 7EEC622220EB772C00DA49BE /* Build configuration list for PBXProject "mvc1" */;
			compatibilityVersion = "Xcode 9.3";
			developmentRegion = en;
			hasScannedForEncodings = 0;
			knownRegions = (
				en,
				Base,
			);
			mainGroup = 7EEC621E20EB772C00DA49BE;
			productRefGroup = 7EEC622820EB772C00DA49BE /* Products */;
			projectDirPath = "";
			projectRoot = "";
			targets = (
				7EEC622620EB772C00DA49BE /* mvc1 */,
			);
		};
/* End PBXProject section */

/* Begin PBXResourcesBuildPhase section */
		7EEC622520EB772C00DA49BE /* Resources */ = {
			isa = PBXResourcesBuildPhase;
			buildActionMask = 2147483647;
			files = (
				7EEC623520EB772D00DA49BE /* LaunchScreen.storyboard in Resources */,
				7EEC629020EB9B7D00DA49BE /* Colors.xcassets in Resources */,
				7EEC628420EB7F4C00DA49BE /* TripsViewController.storyboard in Resources */,
				7E23C2792112C2F500018B4B /* AddTripViewController.storyboard in Resources */,
				7EEC623220EB772D00DA49BE /* Assets.xcassets in Resources */,
			);
			runOnlyForDeploymentPostprocessing = 0;
		};
/* End PBXResourcesBuildPhase section */

/* Begin PBXSourcesBuildPhase section */
		7EEC622320EB772C00DA49BE /* Sources */ = {
			isa = PBXSourcesBuildPhase;
			buildActionMask = 2147483647;
			files = (
				7EEC628820EB8D0800DA49BE /* TripTableViewCell.swift in Sources */,
				7EEC628E20EB9B3D00DA49BE /* Theme.swift in Sources */,
				7EEC628020EB7DB600DA49BE /* StoreData.swift in Sources */,
				7EEC622B20EB772C00DA49BE /* AppDelegate.swift in Sources */,
				7EEC627C20EB7C1800DA49BE /* TripFunctions.swift in Sources */,
				7E23C27C2112C34900018B4B /* AddTripViewController.swift in Sources */,
				7EEC629220EC83CD00DA49BE /* UIButtonExtension.swift in Sources */,
				7EEC628B20EB918C00DA49BE /* UIViewExtension.swift in Sources */,
				7EEC627A20EB7B9400DA49BE /* TripModel.swift in Sources */,
				7E23C27F2112C85D00018B4B /* popupUIView.swift in Sources */,
				7EEC628620EB7F6A00DA49BE /* TripsViewController.swift in Sources */,
				7E23C2812116AD8D00018B4B /* appUIButton.swift in Sources */,
			);
			runOnlyForDeploymentPostprocessing = 0;
		};
/* End PBXSourcesBuildPhase section */

/* Begin PBXVariantGroup section */
		7EEC623320EB772D00DA49BE /* LaunchScreen.storyboard */ = {
			isa = PBXVariantGroup;
			children = (
				7EEC623420EB772D00DA49BE /* Base */,
			);
			name = LaunchScreen.storyboard;
			sourceTree = "<group>";
		};
/* End PBXVariantGroup section */

/* Begin XCBuildConfiguration section */
		7EEC623720EB772D00DA49BE /* Debug */ = {
			isa = XCBuildConfiguration;
			buildSettings = {
				ALWAYS_SEARCH_USER_PATHS = NO;
				CLANG_ANALYZER_NONNULL = YES;
				CLANG_ANALYZER_NUMBER_OBJECT_CONVERSION = YES_AGGRESSIVE;
				CLANG_CXX_LANGUAGE_STANDARD = "gnu++14";
				CLANG_CXX_LIBRARY = "libc++";
				CLANG_ENABLE_MODULES = YES;
				CLANG_ENABLE_OBJC_ARC = YES;
				CLANG_ENABLE_OBJC_WEAK = YES;
				CLANG_WARN_BLOCK_CAPTURE_AUTORELEASING = YES;
				CLANG_WARN_BOOL_CONVERSION = YES;
				CLANG_WARN_COMMA = YES;
				CLANG_WARN_CONSTANT_CONVERSION = YES;
				CLANG_WARN_DEPRECATED_OBJC_IMPLEMENTATIONS = YES;
				CLANG_WARN_DIRECT_OBJC_ISA_USAGE = YES_ERROR;
				CLANG_WARN_DOCUMENTATION_COMMENTS = YES;
				CLANG_WARN_EMPTY_BODY = YES;
				CLANG_WARN_ENUM_CONVERSION = YES;
				CLANG_WARN_INFINITE_RECURSION = YES;
				CLANG_WARN_INT_CONVERSION = YES;
				CLANG_WARN_NON_LITERAL_NULL_CONVERSION = YES;
				CLANG_WARN_OBJC_IMPLICIT_RETAIN_SELF = YES;
				CLANG_WARN_OBJC_LITERAL_CONVERSION = YES;
				CLANG_WARN_OBJC_ROOT_CLASS = YES_ERROR;
				CLANG_WARN_RANGE_LOOP_ANALYSIS = YES;
				CLANG_WARN_STRICT_PROTOTYPES = YES;
				CLANG_WARN_SUSPICIOUS_MOVE = YES;
				CLANG_WARN_UNGUARDED_AVAILABILITY = YES_AGGRESSIVE;
				CLANG_WARN_UNREACHABLE_CODE = YES;
				CLANG_WARN__DUPLICATE_METHOD_MATCH = YES;
				CODE_SIGN_IDENTITY = "iPhone Developer";
				COPY_PHASE_STRIP = NO;
				DEBUG_INFORMATION_FORMAT = dwarf;
				ENABLE_STRICT_OBJC_MSGSEND = YES;
				ENABLE_TESTABILITY = YES;
				GCC_C_LANGUAGE_STANDARD = gnu11;
				GCC_DYNAMIC_NO_PIC = NO;
				GCC_NO_COMMON_BLOCKS = YES;
				GCC_OPTIMIZATION_LEVEL = 0;
				GCC_PREPROCESSOR_DEFINITIONS = (
					"DEBUG=1",
					"$(inherited)",
				);
				GCC_WARN_64_TO_32_BIT_CONVERSION = YES;
				GCC_WARN_ABOUT_RETURN_TYPE = YES_ERROR;
				GCC_WARN_UNDECLARED_SELECTOR = YES;
				GCC_WARN_UNINITIALIZED_AUTOS = YES_AGGRESSIVE;
				GCC_WARN_UNUSED_FUNCTION = YES;
				GCC_WARN_UNUSED_VARIABLE = YES;
				IPHONEOS_DEPLOYMENT_TARGET = 11.4;
				MTL_ENABLE_DEBUG_INFO = YES;
				ONLY_ACTIVE_ARCH = YES;
				SDKROOT = iphoneos;
				SWIFT_ACTIVE_COMPILATION_CONDITIONS = DEBUG;
				SWIFT_OPTIMIZATION_LEVEL = "-Onone";
			};
			name = Debug;
		};
		7EEC623820EB772D00DA49BE /* Release */ = {
			isa = XCBuildConfiguration;
			buildSettings = {
				ALWAYS_SEARCH_USER_PATHS = NO;
				CLANG_ANALYZER_NONNULL = YES;
				CLANG_ANALYZER_NUMBER_OBJECT_CONVERSION = YES_AGGRESSIVE;
				CLANG_CXX_LANGUAGE_STANDARD = "gnu++14";
				CLANG_CXX_LIBRARY = "libc++";
				CLANG_ENABLE_MODULES = YES;
				CLANG_ENABLE_OBJC_ARC = YES;
				CLANG_ENABLE_OBJC_WEAK = YES;
				CLANG_WARN_BLOCK_CAPTURE_AUTORELEASING = YES;
				CLANG_WARN_BOOL_CONVERSION = YES;
				CLANG_WARN_COMMA = YES;
				CLANG_WARN_CONSTANT_CONVERSION = YES;
				CLANG_WARN_DEPRECATED_OBJC_IMPLEMENTATIONS = YES;
				CLANG_WARN_DIRECT_OBJC_ISA_USAGE = YES_ERROR;
				CLANG_WARN_DOCUMENTATION_COMMENTS = YES;
				CLANG_WARN_EMPTY_BODY = YES;
				CLANG_WARN_ENUM_CONVERSION = YES;
				CLANG_WARN_INFINITE_RECURSION = YES;
				CLANG_WARN_INT_CONVERSION = YES;
				CLANG_WARN_NON_LITERAL_NULL_CONVERSION = YES;
				CLANG_WARN_OBJC_IMPLICIT_RETAIN_SELF = YES;
				CLANG_WARN_OBJC_LITERAL_CONVERSION = YES;
				CLANG_WARN_OBJC_ROOT_CLASS = YES_ERROR;
				CLANG_WARN_RANGE_LOOP_ANALYSIS = YES;
				CLANG_WARN_STRICT_PROTOTYPES = YES;
				CLANG_WARN_SUSPICIOUS_MOVE = YES;
				CLANG_WARN_UNGUARDED_AVAILABILITY = YES_AGGRESSIVE;
				CLANG_WARN_UNREACHABLE_CODE = YES;
				CLANG_WARN__DUPLICATE_METHOD_MATCH = YES;
				CODE_SIGN_IDENTITY = "iPhone Developer";
				COPY_PHASE_STRIP = NO;
				DEBUG_INFORMATION_FORMAT = "dwarf-with-dsym";
				ENABLE_NS_ASSERTIONS = NO;
				ENABLE_STRICT_OBJC_MSGSEND = YES;
				GCC_C_LANGUAGE_STANDARD = gnu11;
				GCC_NO_COMMON_BLOCKS = YES;
				GCC_WARN_64_TO_32_BIT_CONVERSION = YES;
				GCC_WARN_ABOUT_RETURN_TYPE = YES_ERROR;
				GCC_WARN_UNDECLARED_SELECTOR = YES;
				GCC_WARN_UNINITIALIZED_AUTOS = YES_AGGRESSIVE;
				GCC_WARN_UNUSED_FUNCTION = YES;
				GCC_WARN_UNUSED_VARIABLE = YES;
				IPHONEOS_DEPLOYMENT_TARGET = 11.4;
				MTL_ENABLE_DEBUG_INFO = NO;
				SDKROOT = iphoneos;
				SWIFT_COMPILATION_MODE = wholemodule;
				SWIFT_OPTIMIZATION_LEVEL = "-O";
				VALIDATE_PRODUCT = YES;
			};
			name = Release;
		};
		7EEC623A20EB772D00DA49BE /* Debug */ = {
			isa = XCBuildConfiguration;
			buildSettings = {
				ASSETCATALOG_COMPILER_APPICON_NAME = AppIcon;
				CODE_SIGN_STYLE = Automatic;
				DEVELOPMENT_TEAM = U8DT8GDJLK;
				INFOPLIST_FILE = mvc1/Info.plist;
				LD_RUNPATH_SEARCH_PATHS = (
					"$(inherited)",
					"@executable_path/Frameworks",
				);
				PRODUCT_BUNDLE_IDENTIFIER = com.test.mvc1;
				PRODUCT_NAME = "$(TARGET_NAME)";
				SWIFT_VERSION = 4.0;
				TARGETED_DEVICE_FAMILY = "1,2";
			};
			name = Debug;
		};
		7EEC623B20EB772D00DA49BE /* Release */ = {
			isa = XCBuildConfiguration;
			buildSettings = {
				ASSETCATALOG_COMPILER_APPICON_NAME = AppIcon;
				CODE_SIGN_STYLE = Automatic;
				DEVELOPMENT_TEAM = U8DT8GDJLK;
				INFOPLIST_FILE = mvc1/Info.plist;
				LD_RUNPATH_SEARCH_PATHS = (
					"$(inherited)",
					"@executable_path/Frameworks",
				);
				PRODUCT_BUNDLE_IDENTIFIER = com.test.mvc1;
				PRODUCT_NAME = "$(TARGET_NAME)";
				SWIFT_VERSION = 4.0;
				TARGETED_DEVICE_FAMILY = "1,2";
			};
			name = Release;
		};
/* End XCBuildConfiguration section */

/* Begin XCConfigurationList section */
		7EEC622220EB772C00DA49BE /* Build configuration list for PBXProject "mvc1" */ = {
			isa = XCConfigurationList;
			buildConfigurations = (
				7EEC623720EB772D00DA49BE /* Debug */,
				7EEC623820EB772D00DA49BE /* Release */,
			);
			defaultConfigurationIsVisible = 0;
			defaultConfigurationName = Release;
		};
		7EEC623920EB772D00DA49BE /* Build configuration list for PBXNativeTarget "mvc1" */ = {
			isa = XCConfigurationList;
			buildConfigurations = (
				7EEC623A20EB772D00DA49BE /* Debug */,
				7EEC623B20EB772D00DA49BE /* Release */,
			);
			defaultConfigurationIsVisible = 0;
			defaultConfigurationName = Release;
		};
/* End XCConfigurationList section */
	};
	rootObject = 7EEC621F20EB772C00DA49BE /* Project object */;
}
